
Microsoft Visual Studio Solution File, Format Version 12.00
# Visual Studio Version 17
VisualStudioVersion = 17.5.002.0
MinimumVisualStudioVersion = 10.0.40219.1
Project("{9A19103F-16F7-4668-BE54-9A1E7A4F7556}") = "TaskManager", "TaskManager.csproj", "{091C00F5-9261-47CA-BF7D-CAA2CEC723CB}"
EndProject
Global
	GlobalSection(SolutionConfigurationPlatforms) = preSolution
		Debug|Any CPU = Debug|Any CPU
		Release|Any CPU = Release|Any CPU
	EndGlobalSection
	GlobalSection(ProjectConfigurationPlatforms) = postSolution
		{091C00F5-9261-47CA-BF7D-CAA2CEC723CB}.Debug|Any CPU.ActiveCfg = Debug|Any CPU
		{091C00F5-9261-47CA-BF7D-CAA2CEC723CB}.Debug|Any CPU.Build.0 = Debug|Any CPU
		{091C00F5-9261-47CA-BF7D-CAA2CEC723CB}.Release|Any CPU.ActiveCfg = Release|Any CPU
		{091C00F5-9261-47CA-BF7D-CAA2CEC723CB}.Release|Any CPU.Build.0 = Release|Any CPU
	EndGlobalSection
	GlobalSection(SolutionProperties) = preSolution
		HideSolutionNode = FALSE
	EndGlobalSection
	GlobalSection(ExtensibilityGlobals) = postSolution
		SolutionGuid = {7377244C-DCA0-4FA4-9ADA-1490E1BC7506}
	EndGlobalSection
EndGlobal
